// !$*UTF8*$!
{
	archiveVersion = 1;
	classes = {
	};
	objectVersion = 51;
	objects = {

/* Begin PBXBuildFile section */
		173B620AB9D00480437DFAC8 /* Pods_foodsta.framework in Frameworks */ = {isa = PBXBuildFile; fileRef = 94DBCF63251A45821B4D96D8 /* Pods_foodsta.framework */; };
		780424A5269D2E6300E771CE /* AppDelegate.m in Sources */ = {isa = PBXBuildFile; fileRef = 780424A4269D2E6300E771CE /* AppDelegate.m */; };
		780424A8269D2E6300E771CE /* SceneDelegate.m in Sources */ = {isa = PBXBuildFile; fileRef = 780424A7269D2E6300E771CE /* SceneDelegate.m */; };
		780424AE269D2E6300E771CE /* Main.storyboard in Resources */ = {isa = PBXBuildFile; fileRef = 780424AC269D2E6300E771CE /* Main.storyboard */; };
		780424B0269D2E6300E771CE /* Assets.xcassets in Resources */ = {isa = PBXBuildFile; fileRef = 780424AF269D2E6300E771CE /* Assets.xcassets */; };
		780424B3269D2E6300E771CE /* LaunchScreen.storyboard in Resources */ = {isa = PBXBuildFile; fileRef = 780424B1269D2E6300E771CE /* LaunchScreen.storyboard */; };
		780424B6269D2E6300E771CE /* main.m in Sources */ = {isa = PBXBuildFile; fileRef = 780424B5269D2E6300E771CE /* main.m */; };
		780424C0269D2E6400E771CE /* foodstaTests.m in Sources */ = {isa = PBXBuildFile; fileRef = 780424BF269D2E6400E771CE /* foodstaTests.m */; };
		780424CB269D2E6400E771CE /* foodstaUITests.m in Sources */ = {isa = PBXBuildFile; fileRef = 780424CA269D2E6400E771CE /* foodstaUITests.m */; };
		780424DA269D2E7500E771CE /* Location.m in Sources */ = {isa = PBXBuildFile; fileRef = 780424D9269D2E7500E771CE /* Location.m */; };
		780424E0269D315A00E771CE /* LocationCell.m in Sources */ = {isa = PBXBuildFile; fileRef = 780424DF269D315A00E771CE /* LocationCell.m */; };
		780424E3269D3DB000E771CE /* LocationsViewController.m in Sources */ = {isa = PBXBuildFile; fileRef = 780424E2269D3DB000E771CE /* LocationsViewController.m */; };
		780424E9269D4F0600E771CE /* LoginViewController.m in Sources */ = {isa = PBXBuildFile; fileRef = 780424E8269D4F0600E771CE /* LoginViewController.m */; };
		780424EE269D51B100E771CE /* FeedViewController.m in Sources */ = {isa = PBXBuildFile; fileRef = 780424ED269D51B100E771CE /* FeedViewController.m */; };
		780424F6269D65F300E771CE /* Post.m in Sources */ = {isa = PBXBuildFile; fileRef = 780424F5269D65F300E771CE /* Post.m */; };
		780424F9269D6BEC00E771CE /* ComposeViewController.m in Sources */ = {isa = PBXBuildFile; fileRef = 780424F8269D6BEC00E771CE /* ComposeViewController.m */; };
		780424FC269E3A8C00E771CE /* PostCell.m in Sources */ = {isa = PBXBuildFile; fileRef = 780424FB269E3A8C00E771CE /* PostCell.m */; };
		780424FF269E5B0E00E771CE /* LocationDetailsViewController.m in Sources */ = {isa = PBXBuildFile; fileRef = 780424FE269E5B0E00E771CE /* LocationDetailsViewController.m */; };
		78042502269F912C00E771CE /* SelfViewController.m in Sources */ = {isa = PBXBuildFile; fileRef = 78042501269F912C00E771CE /* SelfViewController.m */; };
		78042505269F9C9200E771CE /* EditProfileViewController.m in Sources */ = {isa = PBXBuildFile; fileRef = 78042504269F9C9200E771CE /* EditProfileViewController.m */; };
		7804250C26A0DBD800E771CE /* FeedDataSource.m in Sources */ = {isa = PBXBuildFile; fileRef = 7804250B26A0DBD800E771CE /* FeedDataSource.m */; };
		7804250F26A14EA900E771CE /* PostCellModel.m in Sources */ = {isa = PBXBuildFile; fileRef = 7804250E26A14EA900E771CE /* PostCellModel.m */; };
		787AC55D26A2480D0070E5A9 /* ProfileViewController.m in Sources */ = {isa = PBXBuildFile; fileRef = 787AC55C26A2480D0070E5A9 /* ProfileViewController.m */; };
		787AC56026A661C80070E5A9 /* SearchViewController.m in Sources */ = {isa = PBXBuildFile; fileRef = 787AC55F26A661C80070E5A9 /* SearchViewController.m */; };
		787AC56326A662560070E5A9 /* UserCell.m in Sources */ = {isa = PBXBuildFile; fileRef = 787AC56226A662560070E5A9 /* UserCell.m */; };
		787AC56626A7CA100070E5A9 /* MapViewController.m in Sources */ = {isa = PBXBuildFile; fileRef = 787AC56526A7CA100070E5A9 /* MapViewController.m */; };
		787AC56826A7D1BC0070E5A9 /* MapKit.framework in Frameworks */ = {isa = PBXBuildFile; fileRef = 787AC56726A7D1BC0070E5A9 /* MapKit.framework */; };
		78A8137F26A183B600695571 /* UsernameTimestampCell.m in Sources */ = {isa = PBXBuildFile; fileRef = 78A8137E26A183B600695571 /* UsernameTimestampCell.m */; };
		78A8138226A1845D00695571 /* LocationNameCell.m in Sources */ = {isa = PBXBuildFile; fileRef = 78A8138126A1845D00695571 /* LocationNameCell.m */; };
		78A8138526A184BB00695571 /* ImageCell.m in Sources */ = {isa = PBXBuildFile; fileRef = 78A8138426A184BB00695571 /* ImageCell.m */; };
		78A8138826A184EA00695571 /* LikeCell.m in Sources */ = {isa = PBXBuildFile; fileRef = 78A8138726A184EA00695571 /* LikeCell.m */; };
		78A8138B26A1852100695571 /* CaptionCell.m in Sources */ = {isa = PBXBuildFile; fileRef = 78A8138A26A1852100695571 /* CaptionCell.m */; };
		78A8138E26A1854700695571 /* RatingCell.m in Sources */ = {isa = PBXBuildFile; fileRef = 78A8138D26A1854700695571 /* RatingCell.m */; };
		78F59C2126A8E34C00781EC7 /* SetLocationViewController.m in Sources */ = {isa = PBXBuildFile; fileRef = 78F59C2026A8E34C00781EC7 /* SetLocationViewController.m */; };
		78F59C2326A8EC2200781EC7 /* CoreLocation.framework in Frameworks */ = {isa = PBXBuildFile; fileRef = 78F59C2226A8EC2200781EC7 /* CoreLocation.framework */; };
		78F59C2926A9045200781EC7 /* LocationAnnotation.m in Sources */ = {isa = PBXBuildFile; fileRef = 78F59C2826A9045200781EC7 /* LocationAnnotation.m */; };
		78F59C2C26A92FDB00781EC7 /* PostViewController.m in Sources */ = {isa = PBXBuildFile; fileRef = 78F59C2B26A92FDB00781EC7 /* PostViewController.m */; };
		78F59C3226A93B0F00781EC7 /* LocationAnnotationView.m in Sources */ = {isa = PBXBuildFile; fileRef = 78F59C3126A93B0F00781EC7 /* LocationAnnotationView.m */; };
		78F59C3526AA23E100781EC7 /* FollowViewController.m in Sources */ = {isa = PBXBuildFile; fileRef = 78F59C3426AA23E100781EC7 /* FollowViewController.m */; };
		78F59C3826ACA5A700781EC7 /* MapLocationCell.m in Sources */ = {isa = PBXBuildFile; fileRef = 78F59C3726ACA5A700781EC7 /* MapLocationCell.m */; };
		78F59C3E26ACB22B00781EC7 /* MapLocationsViewController.m in Sources */ = {isa = PBXBuildFile; fileRef = 78F59C3D26ACB22B00781EC7 /* MapLocationsViewController.m */; };
		78F59C4126AF5F6400781EC7 /* ContainerTabController.m in Sources */ = {isa = PBXBuildFile; fileRef = 78F59C4026AF5F6400781EC7 /* ContainerTabController.m */; };
		78F59C4426AF805B00781EC7 /* ContainerMapViewController.m in Sources */ = {isa = PBXBuildFile; fileRef = 78F59C4326AF805B00781EC7 /* ContainerMapViewController.m */; };
		E4B6B47959F79E483DDBEA65 /* Pods_foodstaTests.framework in Frameworks */ = {isa = PBXBuildFile; fileRef = 50185661E04E68223708872F /* Pods_foodstaTests.framework */; };
		F2EAC73CF64B1ABC7BFCF585 /* Pods_foodsta_foodstaUITests.framework in Frameworks */ = {isa = PBXBuildFile; fileRef = E40072F959FD3C6A5E6EAAC1 /* Pods_foodsta_foodstaUITests.framework */; };
/* End PBXBuildFile section */

/* Begin PBXContainerItemProxy section */
		780424BC269D2E6400E771CE /* PBXContainerItemProxy */ = {
			isa = PBXContainerItemProxy;
			containerPortal = 78042498269D2E6300E771CE /* Project object */;
			proxyType = 1;
			remoteGlobalIDString = 7804249F269D2E6300E771CE;
			remoteInfo = foodsta;
		};
		780424C7269D2E6400E771CE /* PBXContainerItemProxy */ = {
			isa = PBXContainerItemProxy;
			containerPortal = 78042498269D2E6300E771CE /* Project object */;
			proxyType = 1;
			remoteGlobalIDString = 7804249F269D2E6300E771CE;
			remoteInfo = foodsta;
		};
/* End PBXContainerItemProxy section */

/* Begin PBXFileReference section */
		0EE42AAB70FA68D19B238C6A /* Pods-foodstaTests.debug.xcconfig */ = {isa = PBXFileReference; includeInIndex = 1; lastKnownFileType = text.xcconfig; name = "Pods-foodstaTests.debug.xcconfig"; path = "Target Support Files/Pods-foodstaTests/Pods-foodstaTests.debug.xcconfig"; sourceTree = "<group>"; };
		1CAEF50362EDE1FCC2A228BC /* Pods-foodsta-foodstaUITests.debug.xcconfig */ = {isa = PBXFileReference; includeInIndex = 1; lastKnownFileType = text.xcconfig; name = "Pods-foodsta-foodstaUITests.debug.xcconfig"; path = "Target Support Files/Pods-foodsta-foodstaUITests/Pods-foodsta-foodstaUITests.debug.xcconfig"; sourceTree = "<group>"; };
		2CE06FB9F1BF0B39A537CD3B /* Pods-foodsta-foodstaUITests.release.xcconfig */ = {isa = PBXFileReference; includeInIndex = 1; lastKnownFileType = text.xcconfig; name = "Pods-foodsta-foodstaUITests.release.xcconfig"; path = "Target Support Files/Pods-foodsta-foodstaUITests/Pods-foodsta-foodstaUITests.release.xcconfig"; sourceTree = "<group>"; };
		50185661E04E68223708872F /* Pods_foodstaTests.framework */ = {isa = PBXFileReference; explicitFileType = wrapper.framework; includeInIndex = 0; path = Pods_foodstaTests.framework; sourceTree = BUILT_PRODUCTS_DIR; };
		780424A0269D2E6300E771CE /* foodsta.app */ = {isa = PBXFileReference; explicitFileType = wrapper.application; includeInIndex = 0; path = foodsta.app; sourceTree = BUILT_PRODUCTS_DIR; };
		780424A3269D2E6300E771CE /* AppDelegate.h */ = {isa = PBXFileReference; lastKnownFileType = sourcecode.c.h; path = AppDelegate.h; sourceTree = "<group>"; };
		780424A4269D2E6300E771CE /* AppDelegate.m */ = {isa = PBXFileReference; lastKnownFileType = sourcecode.c.objc; path = AppDelegate.m; sourceTree = "<group>"; };
		780424A6269D2E6300E771CE /* SceneDelegate.h */ = {isa = PBXFileReference; lastKnownFileType = sourcecode.c.h; path = SceneDelegate.h; sourceTree = "<group>"; };
		780424A7269D2E6300E771CE /* SceneDelegate.m */ = {isa = PBXFileReference; lastKnownFileType = sourcecode.c.objc; path = SceneDelegate.m; sourceTree = "<group>"; };
		780424AD269D2E6300E771CE /* Base */ = {isa = PBXFileReference; lastKnownFileType = file.storyboard; name = Base; path = Base.lproj/Main.storyboard; sourceTree = "<group>"; };
		780424AF269D2E6300E771CE /* Assets.xcassets */ = {isa = PBXFileReference; lastKnownFileType = folder.assetcatalog; path = Assets.xcassets; sourceTree = "<group>"; };
		780424B2269D2E6300E771CE /* Base */ = {isa = PBXFileReference; lastKnownFileType = file.storyboard; name = Base; path = Base.lproj/LaunchScreen.storyboard; sourceTree = "<group>"; };
		780424B4269D2E6300E771CE /* Info.plist */ = {isa = PBXFileReference; lastKnownFileType = text.plist.xml; path = Info.plist; sourceTree = "<group>"; };
		780424B5269D2E6300E771CE /* main.m */ = {isa = PBXFileReference; lastKnownFileType = sourcecode.c.objc; path = main.m; sourceTree = "<group>"; };
		780424BB269D2E6400E771CE /* foodstaTests.xctest */ = {isa = PBXFileReference; explicitFileType = wrapper.cfbundle; includeInIndex = 0; path = foodstaTests.xctest; sourceTree = BUILT_PRODUCTS_DIR; };
		780424BF269D2E6400E771CE /* foodstaTests.m */ = {isa = PBXFileReference; lastKnownFileType = sourcecode.c.objc; path = foodstaTests.m; sourceTree = "<group>"; };
		780424C1269D2E6400E771CE /* Info.plist */ = {isa = PBXFileReference; lastKnownFileType = text.plist.xml; path = Info.plist; sourceTree = "<group>"; };
		780424C6269D2E6400E771CE /* foodstaUITests.xctest */ = {isa = PBXFileReference; explicitFileType = wrapper.cfbundle; includeInIndex = 0; path = foodstaUITests.xctest; sourceTree = BUILT_PRODUCTS_DIR; };
		780424CA269D2E6400E771CE /* foodstaUITests.m */ = {isa = PBXFileReference; lastKnownFileType = sourcecode.c.objc; path = foodstaUITests.m; sourceTree = "<group>"; };
		780424CC269D2E6400E771CE /* Info.plist */ = {isa = PBXFileReference; lastKnownFileType = text.plist.xml; path = Info.plist; sourceTree = "<group>"; };
		780424D8269D2E7500E771CE /* Location.h */ = {isa = PBXFileReference; lastKnownFileType = sourcecode.c.h; path = Location.h; sourceTree = "<group>"; };
		780424D9269D2E7500E771CE /* Location.m */ = {isa = PBXFileReference; lastKnownFileType = sourcecode.c.objc; path = Location.m; sourceTree = "<group>"; };
		780424DE269D315A00E771CE /* LocationCell.h */ = {isa = PBXFileReference; lastKnownFileType = sourcecode.c.h; path = LocationCell.h; sourceTree = "<group>"; };
		780424DF269D315A00E771CE /* LocationCell.m */ = {isa = PBXFileReference; lastKnownFileType = sourcecode.c.objc; path = LocationCell.m; sourceTree = "<group>"; };
		780424E1269D3DB000E771CE /* LocationsViewController.h */ = {isa = PBXFileReference; lastKnownFileType = sourcecode.c.h; path = LocationsViewController.h; sourceTree = "<group>"; };
		780424E2269D3DB000E771CE /* LocationsViewController.m */ = {isa = PBXFileReference; lastKnownFileType = sourcecode.c.objc; path = LocationsViewController.m; sourceTree = "<group>"; };
		780424E7269D4F0600E771CE /* LoginViewController.h */ = {isa = PBXFileReference; lastKnownFileType = sourcecode.c.h; path = LoginViewController.h; sourceTree = "<group>"; };
		780424E8269D4F0600E771CE /* LoginViewController.m */ = {isa = PBXFileReference; lastKnownFileType = sourcecode.c.objc; path = LoginViewController.m; sourceTree = "<group>"; };
		780424EC269D51B100E771CE /* FeedViewController.h */ = {isa = PBXFileReference; lastKnownFileType = sourcecode.c.h; path = FeedViewController.h; sourceTree = "<group>"; };
		780424ED269D51B100E771CE /* FeedViewController.m */ = {isa = PBXFileReference; lastKnownFileType = sourcecode.c.objc; path = FeedViewController.m; sourceTree = "<group>"; };
		780424F4269D65F300E771CE /* Post.h */ = {isa = PBXFileReference; lastKnownFileType = sourcecode.c.h; path = Post.h; sourceTree = "<group>"; };
		780424F5269D65F300E771CE /* Post.m */ = {isa = PBXFileReference; lastKnownFileType = sourcecode.c.objc; path = Post.m; sourceTree = "<group>"; };
		780424F7269D6BEC00E771CE /* ComposeViewController.h */ = {isa = PBXFileReference; lastKnownFileType = sourcecode.c.h; path = ComposeViewController.h; sourceTree = "<group>"; };
		780424F8269D6BEC00E771CE /* ComposeViewController.m */ = {isa = PBXFileReference; lastKnownFileType = sourcecode.c.objc; path = ComposeViewController.m; sourceTree = "<group>"; };
		780424FA269E3A8C00E771CE /* PostCell.h */ = {isa = PBXFileReference; lastKnownFileType = sourcecode.c.h; path = PostCell.h; sourceTree = "<group>"; };
		780424FB269E3A8C00E771CE /* PostCell.m */ = {isa = PBXFileReference; lastKnownFileType = sourcecode.c.objc; path = PostCell.m; sourceTree = "<group>"; };
		780424FD269E5B0E00E771CE /* LocationDetailsViewController.h */ = {isa = PBXFileReference; lastKnownFileType = sourcecode.c.h; path = LocationDetailsViewController.h; sourceTree = "<group>"; };
		780424FE269E5B0E00E771CE /* LocationDetailsViewController.m */ = {isa = PBXFileReference; lastKnownFileType = sourcecode.c.objc; path = LocationDetailsViewController.m; sourceTree = "<group>"; };
		78042500269F912C00E771CE /* SelfViewController.h */ = {isa = PBXFileReference; lastKnownFileType = sourcecode.c.h; path = SelfViewController.h; sourceTree = "<group>"; };
		78042501269F912C00E771CE /* SelfViewController.m */ = {isa = PBXFileReference; lastKnownFileType = sourcecode.c.objc; path = SelfViewController.m; sourceTree = "<group>"; };
		78042503269F9C9200E771CE /* EditProfileViewController.h */ = {isa = PBXFileReference; lastKnownFileType = sourcecode.c.h; path = EditProfileViewController.h; sourceTree = "<group>"; };
		78042504269F9C9200E771CE /* EditProfileViewController.m */ = {isa = PBXFileReference; lastKnownFileType = sourcecode.c.objc; path = EditProfileViewController.m; sourceTree = "<group>"; };
		7804250A26A0DBD800E771CE /* FeedDataSource.h */ = {isa = PBXFileReference; lastKnownFileType = sourcecode.c.h; path = FeedDataSource.h; sourceTree = "<group>"; };
		7804250B26A0DBD800E771CE /* FeedDataSource.m */ = {isa = PBXFileReference; lastKnownFileType = sourcecode.c.objc; path = FeedDataSource.m; sourceTree = "<group>"; };
		7804250D26A14EA900E771CE /* PostCellModel.h */ = {isa = PBXFileReference; lastKnownFileType = sourcecode.c.h; path = PostCellModel.h; sourceTree = "<group>"; };
		7804250E26A14EA900E771CE /* PostCellModel.m */ = {isa = PBXFileReference; lastKnownFileType = sourcecode.c.objc; path = PostCellModel.m; sourceTree = "<group>"; };
		787AC55B26A2480D0070E5A9 /* ProfileViewController.h */ = {isa = PBXFileReference; lastKnownFileType = sourcecode.c.h; path = ProfileViewController.h; sourceTree = "<group>"; };
		787AC55C26A2480D0070E5A9 /* ProfileViewController.m */ = {isa = PBXFileReference; lastKnownFileType = sourcecode.c.objc; path = ProfileViewController.m; sourceTree = "<group>"; };
		787AC55E26A661C80070E5A9 /* SearchViewController.h */ = {isa = PBXFileReference; lastKnownFileType = sourcecode.c.h; path = SearchViewController.h; sourceTree = "<group>"; };
		787AC55F26A661C80070E5A9 /* SearchViewController.m */ = {isa = PBXFileReference; lastKnownFileType = sourcecode.c.objc; path = SearchViewController.m; sourceTree = "<group>"; };
		787AC56126A662560070E5A9 /* UserCell.h */ = {isa = PBXFileReference; lastKnownFileType = sourcecode.c.h; path = UserCell.h; sourceTree = "<group>"; };
		787AC56226A662560070E5A9 /* UserCell.m */ = {isa = PBXFileReference; lastKnownFileType = sourcecode.c.objc; path = UserCell.m; sourceTree = "<group>"; };
		787AC56426A7CA100070E5A9 /* MapViewController.h */ = {isa = PBXFileReference; lastKnownFileType = sourcecode.c.h; path = MapViewController.h; sourceTree = "<group>"; };
		787AC56526A7CA100070E5A9 /* MapViewController.m */ = {isa = PBXFileReference; lastKnownFileType = sourcecode.c.objc; path = MapViewController.m; sourceTree = "<group>"; };
		787AC56726A7D1BC0070E5A9 /* MapKit.framework */ = {isa = PBXFileReference; lastKnownFileType = wrapper.framework; name = MapKit.framework; path = System/Library/Frameworks/MapKit.framework; sourceTree = SDKROOT; };
		78A8137D26A183B600695571 /* UsernameTimestampCell.h */ = {isa = PBXFileReference; lastKnownFileType = sourcecode.c.h; path = UsernameTimestampCell.h; sourceTree = "<group>"; };
		78A8137E26A183B600695571 /* UsernameTimestampCell.m */ = {isa = PBXFileReference; lastKnownFileType = sourcecode.c.objc; path = UsernameTimestampCell.m; sourceTree = "<group>"; };
		78A8138026A1845D00695571 /* LocationNameCell.h */ = {isa = PBXFileReference; lastKnownFileType = sourcecode.c.h; path = LocationNameCell.h; sourceTree = "<group>"; };
		78A8138126A1845D00695571 /* LocationNameCell.m */ = {isa = PBXFileReference; lastKnownFileType = sourcecode.c.objc; path = LocationNameCell.m; sourceTree = "<group>"; };
		78A8138326A184BB00695571 /* ImageCell.h */ = {isa = PBXFileReference; lastKnownFileType = sourcecode.c.h; path = ImageCell.h; sourceTree = "<group>"; };
		78A8138426A184BB00695571 /* ImageCell.m */ = {isa = PBXFileReference; lastKnownFileType = sourcecode.c.objc; path = ImageCell.m; sourceTree = "<group>"; };
		78A8138626A184EA00695571 /* LikeCell.h */ = {isa = PBXFileReference; lastKnownFileType = sourcecode.c.h; path = LikeCell.h; sourceTree = "<group>"; };
		78A8138726A184EA00695571 /* LikeCell.m */ = {isa = PBXFileReference; lastKnownFileType = sourcecode.c.objc; path = LikeCell.m; sourceTree = "<group>"; };
		78A8138926A1852100695571 /* CaptionCell.h */ = {isa = PBXFileReference; lastKnownFileType = sourcecode.c.h; path = CaptionCell.h; sourceTree = "<group>"; };
		78A8138A26A1852100695571 /* CaptionCell.m */ = {isa = PBXFileReference; lastKnownFileType = sourcecode.c.objc; path = CaptionCell.m; sourceTree = "<group>"; };
		78A8138C26A1854700695571 /* RatingCell.h */ = {isa = PBXFileReference; lastKnownFileType = sourcecode.c.h; path = RatingCell.h; sourceTree = "<group>"; };
		78A8138D26A1854700695571 /* RatingCell.m */ = {isa = PBXFileReference; lastKnownFileType = sourcecode.c.objc; path = RatingCell.m; sourceTree = "<group>"; };
		78F59C1F26A8E34C00781EC7 /* SetLocationViewController.h */ = {isa = PBXFileReference; lastKnownFileType = sourcecode.c.h; path = SetLocationViewController.h; sourceTree = "<group>"; };
		78F59C2026A8E34C00781EC7 /* SetLocationViewController.m */ = {isa = PBXFileReference; lastKnownFileType = sourcecode.c.objc; path = SetLocationViewController.m; sourceTree = "<group>"; };
		78F59C2226A8EC2200781EC7 /* CoreLocation.framework */ = {isa = PBXFileReference; lastKnownFileType = wrapper.framework; name = CoreLocation.framework; path = System/Library/Frameworks/CoreLocation.framework; sourceTree = SDKROOT; };
		78F59C2726A9045200781EC7 /* LocationAnnotation.h */ = {isa = PBXFileReference; lastKnownFileType = sourcecode.c.h; path = LocationAnnotation.h; sourceTree = "<group>"; };
		78F59C2826A9045200781EC7 /* LocationAnnotation.m */ = {isa = PBXFileReference; lastKnownFileType = sourcecode.c.objc; path = LocationAnnotation.m; sourceTree = "<group>"; };
		78F59C2A26A92FDB00781EC7 /* PostViewController.h */ = {isa = PBXFileReference; lastKnownFileType = sourcecode.c.h; path = PostViewController.h; sourceTree = "<group>"; };
		78F59C2B26A92FDB00781EC7 /* PostViewController.m */ = {isa = PBXFileReference; lastKnownFileType = sourcecode.c.objc; path = PostViewController.m; sourceTree = "<group>"; };
		78F59C3026A93B0F00781EC7 /* LocationAnnotationView.h */ = {isa = PBXFileReference; lastKnownFileType = sourcecode.c.h; path = LocationAnnotationView.h; sourceTree = "<group>"; };
		78F59C3126A93B0F00781EC7 /* LocationAnnotationView.m */ = {isa = PBXFileReference; lastKnownFileType = sourcecode.c.objc; path = LocationAnnotationView.m; sourceTree = "<group>"; };
		78F59C3326AA23E100781EC7 /* FollowViewController.h */ = {isa = PBXFileReference; lastKnownFileType = sourcecode.c.h; path = FollowViewController.h; sourceTree = "<group>"; };
		78F59C3426AA23E100781EC7 /* FollowViewController.m */ = {isa = PBXFileReference; lastKnownFileType = sourcecode.c.objc; path = FollowViewController.m; sourceTree = "<group>"; };
		78F59C3626ACA5A700781EC7 /* MapLocationCell.h */ = {isa = PBXFileReference; lastKnownFileType = sourcecode.c.h; path = MapLocationCell.h; sourceTree = "<group>"; };
		78F59C3726ACA5A700781EC7 /* MapLocationCell.m */ = {isa = PBXFileReference; lastKnownFileType = sourcecode.c.objc; path = MapLocationCell.m; sourceTree = "<group>"; };
		78F59C3C26ACB22B00781EC7 /* MapLocationsViewController.h */ = {isa = PBXFileReference; lastKnownFileType = sourcecode.c.h; path = MapLocationsViewController.h; sourceTree = "<group>"; };
		78F59C3D26ACB22B00781EC7 /* MapLocationsViewController.m */ = {isa = PBXFileReference; lastKnownFileType = sourcecode.c.objc; path = MapLocationsViewController.m; sourceTree = "<group>"; };
		78F59C3F26AF5F6400781EC7 /* ContainerTabController.h */ = {isa = PBXFileReference; lastKnownFileType = sourcecode.c.h; path = ContainerTabController.h; sourceTree = "<group>"; };
		78F59C4026AF5F6400781EC7 /* ContainerTabController.m */ = {isa = PBXFileReference; lastKnownFileType = sourcecode.c.objc; path = ContainerTabController.m; sourceTree = "<group>"; };
		78F59C4226AF805B00781EC7 /* ContainerMapViewController.h */ = {isa = PBXFileReference; lastKnownFileType = sourcecode.c.h; path = ContainerMapViewController.h; sourceTree = "<group>"; };
		78F59C4326AF805B00781EC7 /* ContainerMapViewController.m */ = {isa = PBXFileReference; lastKnownFileType = sourcecode.c.objc; path = ContainerMapViewController.m; sourceTree = "<group>"; };
		94DBCF63251A45821B4D96D8 /* Pods_foodsta.framework */ = {isa = PBXFileReference; explicitFileType = wrapper.framework; includeInIndex = 0; path = Pods_foodsta.framework; sourceTree = BUILT_PRODUCTS_DIR; };
		BDED1C488468ADD58D63CDDE /* Pods-foodstaTests.release.xcconfig */ = {isa = PBXFileReference; includeInIndex = 1; lastKnownFileType = text.xcconfig; name = "Pods-foodstaTests.release.xcconfig"; path = "Target Support Files/Pods-foodstaTests/Pods-foodstaTests.release.xcconfig"; sourceTree = "<group>"; };
		DDA34CDF962E3DCE4D4CD92D /* Pods-foodsta.release.xcconfig */ = {isa = PBXFileReference; includeInIndex = 1; lastKnownFileType = text.xcconfig; name = "Pods-foodsta.release.xcconfig"; path = "Target Support Files/Pods-foodsta/Pods-foodsta.release.xcconfig"; sourceTree = "<group>"; };
		E0CE98474C40E5CED7CD0207 /* Pods-foodsta.debug.xcconfig */ = {isa = PBXFileReference; includeInIndex = 1; lastKnownFileType = text.xcconfig; name = "Pods-foodsta.debug.xcconfig"; path = "Target Support Files/Pods-foodsta/Pods-foodsta.debug.xcconfig"; sourceTree = "<group>"; };
		E40072F959FD3C6A5E6EAAC1 /* Pods_foodsta_foodstaUITests.framework */ = {isa = PBXFileReference; explicitFileType = wrapper.framework; includeInIndex = 0; path = Pods_foodsta_foodstaUITests.framework; sourceTree = BUILT_PRODUCTS_DIR; };
/* End PBXFileReference section */

/* Begin PBXFrameworksBuildPhase section */
		7804249D269D2E6300E771CE /* Frameworks */ = {
			isa = PBXFrameworksBuildPhase;
			buildActionMask = 2147483647;
			files = (
				78F59C2326A8EC2200781EC7 /* CoreLocation.framework in Frameworks */,
				787AC56826A7D1BC0070E5A9 /* MapKit.framework in Frameworks */,
				173B620AB9D00480437DFAC8 /* Pods_foodsta.framework in Frameworks */,
			);
			runOnlyForDeploymentPostprocessing = 0;
		};
		780424B8269D2E6400E771CE /* Frameworks */ = {
			isa = PBXFrameworksBuildPhase;
			buildActionMask = 2147483647;
			files = (
				E4B6B47959F79E483DDBEA65 /* Pods_foodstaTests.framework in Frameworks */,
			);
			runOnlyForDeploymentPostprocessing = 0;
		};
		780424C3269D2E6400E771CE /* Frameworks */ = {
			isa = PBXFrameworksBuildPhase;
			buildActionMask = 2147483647;
			files = (
				F2EAC73CF64B1ABC7BFCF585 /* Pods_foodsta_foodstaUITests.framework in Frameworks */,
			);
			runOnlyForDeploymentPostprocessing = 0;
		};
/* End PBXFrameworksBuildPhase section */

/* Begin PBXGroup section */
		1CD76F05BA6354666F42D1DE /* Pods */ = {
			isa = PBXGroup;
			children = (
				E0CE98474C40E5CED7CD0207 /* Pods-foodsta.debug.xcconfig */,
				DDA34CDF962E3DCE4D4CD92D /* Pods-foodsta.release.xcconfig */,
				1CAEF50362EDE1FCC2A228BC /* Pods-foodsta-foodstaUITests.debug.xcconfig */,
				2CE06FB9F1BF0B39A537CD3B /* Pods-foodsta-foodstaUITests.release.xcconfig */,
				0EE42AAB70FA68D19B238C6A /* Pods-foodstaTests.debug.xcconfig */,
				BDED1C488468ADD58D63CDDE /* Pods-foodstaTests.release.xcconfig */,
			);
			path = Pods;
			sourceTree = "<group>";
		};
		1D5B5A76F5E87DF50E11467E /* Frameworks */ = {
			isa = PBXGroup;
			children = (
				78F59C2226A8EC2200781EC7 /* CoreLocation.framework */,
				787AC56726A7D1BC0070E5A9 /* MapKit.framework */,
				94DBCF63251A45821B4D96D8 /* Pods_foodsta.framework */,
				E40072F959FD3C6A5E6EAAC1 /* Pods_foodsta_foodstaUITests.framework */,
				50185661E04E68223708872F /* Pods_foodstaTests.framework */,
			);
			name = Frameworks;
			sourceTree = "<group>";
		};
		78042497269D2E6300E771CE = {
			isa = PBXGroup;
			children = (
				780424A2269D2E6300E771CE /* foodsta */,
				780424BE269D2E6400E771CE /* foodstaTests */,
				780424C9269D2E6400E771CE /* foodstaUITests */,
				780424A1269D2E6300E771CE /* Products */,
				1CD76F05BA6354666F42D1DE /* Pods */,
				1D5B5A76F5E87DF50E11467E /* Frameworks */,
			);
			sourceTree = "<group>";
		};
		780424A1269D2E6300E771CE /* Products */ = {
			isa = PBXGroup;
			children = (
				780424A0269D2E6300E771CE /* foodsta.app */,
				780424BB269D2E6400E771CE /* foodstaTests.xctest */,
				780424C6269D2E6400E771CE /* foodstaUITests.xctest */,
			);
			name = Products;
			sourceTree = "<group>";
		};
		780424A2269D2E6300E771CE /* foodsta */ = {
			isa = PBXGroup;
			children = (
				780424A3269D2E6300E771CE /* AppDelegate.h */,
				780424A4269D2E6300E771CE /* AppDelegate.m */,
				780424A6269D2E6300E771CE /* SceneDelegate.h */,
				780424A7269D2E6300E771CE /* SceneDelegate.m */,
				7804250726A0D8C200E771CE /* Models */,
				7804250926A0D94D00E771CE /* Views */,
				7804250626A0D8BA00E771CE /* View Controllers */,
				780424AF269D2E6300E771CE /* Assets.xcassets */,
				780424AC269D2E6300E771CE /* Main.storyboard */,
				780424B1269D2E6300E771CE /* LaunchScreen.storyboard */,
				780424B4269D2E6300E771CE /* Info.plist */,
				780424B5269D2E6300E771CE /* main.m */,
			);
			path = foodsta;
			sourceTree = "<group>";
		};
		780424BE269D2E6400E771CE /* foodstaTests */ = {
			isa = PBXGroup;
			children = (
				780424BF269D2E6400E771CE /* foodstaTests.m */,
				780424C1269D2E6400E771CE /* Info.plist */,
			);
			path = foodstaTests;
			sourceTree = "<group>";
		};
		780424C9269D2E6400E771CE /* foodstaUITests */ = {
			isa = PBXGroup;
			children = (
				780424CA269D2E6400E771CE /* foodstaUITests.m */,
				780424CC269D2E6400E771CE /* Info.plist */,
			);
			path = foodstaUITests;
			sourceTree = "<group>";
		};
		7804250626A0D8BA00E771CE /* View Controllers */ = {
			isa = PBXGroup;
			children = (
				780424E1269D3DB000E771CE /* LocationsViewController.h */,
				780424E2269D3DB000E771CE /* LocationsViewController.m */,
				78042500269F912C00E771CE /* SelfViewController.h */,
				78042501269F912C00E771CE /* SelfViewController.m */,
				78042503269F9C9200E771CE /* EditProfileViewController.h */,
				78042504269F9C9200E771CE /* EditProfileViewController.m */,
				780424FD269E5B0E00E771CE /* LocationDetailsViewController.h */,
				780424FE269E5B0E00E771CE /* LocationDetailsViewController.m */,
				780424F7269D6BEC00E771CE /* ComposeViewController.h */,
				780424F8269D6BEC00E771CE /* ComposeViewController.m */,
				780424E7269D4F0600E771CE /* LoginViewController.h */,
				780424E8269D4F0600E771CE /* LoginViewController.m */,
				780424EC269D51B100E771CE /* FeedViewController.h */,
				780424ED269D51B100E771CE /* FeedViewController.m */,
				787AC55B26A2480D0070E5A9 /* ProfileViewController.h */,
				787AC55C26A2480D0070E5A9 /* ProfileViewController.m */,
				787AC55E26A661C80070E5A9 /* SearchViewController.h */,
				787AC55F26A661C80070E5A9 /* SearchViewController.m */,
				787AC56426A7CA100070E5A9 /* MapViewController.h */,
				787AC56526A7CA100070E5A9 /* MapViewController.m */,
				78F59C1F26A8E34C00781EC7 /* SetLocationViewController.h */,
				78F59C2026A8E34C00781EC7 /* SetLocationViewController.m */,
				78F59C2A26A92FDB00781EC7 /* PostViewController.h */,
				78F59C2B26A92FDB00781EC7 /* PostViewController.m */,
				78F59C3326AA23E100781EC7 /* FollowViewController.h */,
				78F59C3426AA23E100781EC7 /* FollowViewController.m */,
				78F59C3C26ACB22B00781EC7 /* MapLocationsViewController.h */,
				78F59C3D26ACB22B00781EC7 /* MapLocationsViewController.m */,
				78F59C3F26AF5F6400781EC7 /* ContainerTabController.h */,
				78F59C4026AF5F6400781EC7 /* ContainerTabController.m */,
				78F59C4226AF805B00781EC7 /* ContainerMapViewController.h */,
				78F59C4326AF805B00781EC7 /* ContainerMapViewController.m */,
			);
			path = "View Controllers";
			sourceTree = "<group>";
		};
		7804250726A0D8C200E771CE /* Models */ = {
			isa = PBXGroup;
			children = (
				780424F4269D65F300E771CE /* Post.h */,
				780424F5269D65F300E771CE /* Post.m */,
				780424D8269D2E7500E771CE /* Location.h */,
				780424D9269D2E7500E771CE /* Location.m */,
				7804250A26A0DBD800E771CE /* FeedDataSource.h */,
				7804250B26A0DBD800E771CE /* FeedDataSource.m */,
				7804250D26A14EA900E771CE /* PostCellModel.h */,
				7804250E26A14EA900E771CE /* PostCellModel.m */,
			);
			path = Models;
			sourceTree = "<group>";
		};
		7804250926A0D94D00E771CE /* Views */ = {
			isa = PBXGroup;
			children = (
				780424DE269D315A00E771CE /* LocationCell.h */,
				780424DF269D315A00E771CE /* LocationCell.m */,
				780424FA269E3A8C00E771CE /* PostCell.h */,
				780424FB269E3A8C00E771CE /* PostCell.m */,
				78A8137D26A183B600695571 /* UsernameTimestampCell.h */,
				78A8137E26A183B600695571 /* UsernameTimestampCell.m */,
				78A8138026A1845D00695571 /* LocationNameCell.h */,
				78A8138126A1845D00695571 /* LocationNameCell.m */,
				78A8138326A184BB00695571 /* ImageCell.h */,
				78A8138426A184BB00695571 /* ImageCell.m */,
				78A8138626A184EA00695571 /* LikeCell.h */,
				78A8138726A184EA00695571 /* LikeCell.m */,
				78A8138926A1852100695571 /* CaptionCell.h */,
				78A8138A26A1852100695571 /* CaptionCell.m */,
				78A8138C26A1854700695571 /* RatingCell.h */,
				78A8138D26A1854700695571 /* RatingCell.m */,
				787AC56126A662560070E5A9 /* UserCell.h */,
				787AC56226A662560070E5A9 /* UserCell.m */,
				78F59C2726A9045200781EC7 /* LocationAnnotation.h */,
				78F59C2826A9045200781EC7 /* LocationAnnotation.m */,
				78F59C3026A93B0F00781EC7 /* LocationAnnotationView.h */,
				78F59C3126A93B0F00781EC7 /* LocationAnnotationView.m */,
				78F59C3626ACA5A700781EC7 /* MapLocationCell.h */,
				78F59C3726ACA5A700781EC7 /* MapLocationCell.m */,
			);
			path = Views;
			sourceTree = "<group>";
		};
/* End PBXGroup section */

/* Begin PBXNativeTarget section */
		7804249F269D2E6300E771CE /* foodsta */ = {
			isa = PBXNativeTarget;
			buildConfigurationList = 780424CF269D2E6400E771CE /* Build configuration list for PBXNativeTarget "foodsta" */;
			buildPhases = (
				1002BEB2327CD60F446A1CC6 /* [CP] Check Pods Manifest.lock */,
				7804249C269D2E6300E771CE /* Sources */,
				7804249D269D2E6300E771CE /* Frameworks */,
				7804249E269D2E6300E771CE /* Resources */,
				1223FE287555B157DAC656F6 /* [CP] Embed Pods Frameworks */,
			);
			buildRules = (
			);
			dependencies = (
			);
			name = foodsta;
			productName = foodsta;
			productReference = 780424A0269D2E6300E771CE /* foodsta.app */;
			productType = "com.apple.product-type.application";
		};
		780424BA269D2E6400E771CE /* foodstaTests */ = {
			isa = PBXNativeTarget;
			buildConfigurationList = 780424D2269D2E6400E771CE /* Build configuration list for PBXNativeTarget "foodstaTests" */;
			buildPhases = (
				1274C3E50D0A52AB511D249F /* [CP] Check Pods Manifest.lock */,
				780424B7269D2E6400E771CE /* Sources */,
				780424B8269D2E6400E771CE /* Frameworks */,
				780424B9269D2E6400E771CE /* Resources */,
			);
			buildRules = (
			);
			dependencies = (
				780424BD269D2E6400E771CE /* PBXTargetDependency */,
			);
			name = foodstaTests;
			productName = foodstaTests;
			productReference = 780424BB269D2E6400E771CE /* foodstaTests.xctest */;
			productType = "com.apple.product-type.bundle.unit-test";
		};
		780424C5269D2E6400E771CE /* foodstaUITests */ = {
			isa = PBXNativeTarget;
			buildConfigurationList = 780424D5269D2E6400E771CE /* Build configuration list for PBXNativeTarget "foodstaUITests" */;
			buildPhases = (
				ADB11CFA07CCCC908528FC83 /* [CP] Check Pods Manifest.lock */,
				780424C2269D2E6400E771CE /* Sources */,
				780424C3269D2E6400E771CE /* Frameworks */,
				780424C4269D2E6400E771CE /* Resources */,
				F19A0EB6BCF0FA6AA30F5270 /* [CP] Embed Pods Frameworks */,
			);
			buildRules = (
			);
			dependencies = (
				780424C8269D2E6400E771CE /* PBXTargetDependency */,
			);
			name = foodstaUITests;
			productName = foodstaUITests;
			productReference = 780424C6269D2E6400E771CE /* foodstaUITests.xctest */;
			productType = "com.apple.product-type.bundle.ui-testing";
		};
/* End PBXNativeTarget section */

/* Begin PBXProject section */
		78042498269D2E6300E771CE /* Project object */ = {
			isa = PBXProject;
			attributes = {
				LastUpgradeCheck = 1250;
				TargetAttributes = {
					7804249F269D2E6300E771CE = {
						CreatedOnToolsVersion = 12.5.1;
					};
					780424BA269D2E6400E771CE = {
						CreatedOnToolsVersion = 12.5.1;
						TestTargetID = 7804249F269D2E6300E771CE;
					};
					780424C5269D2E6400E771CE = {
						CreatedOnToolsVersion = 12.5.1;
						TestTargetID = 7804249F269D2E6300E771CE;
					};
				};
			};
			buildConfigurationList = 7804249B269D2E6300E771CE /* Build configuration list for PBXProject "foodsta" */;
			compatibilityVersion = "Xcode 9.3";
			developmentRegion = en;
			hasScannedForEncodings = 0;
			knownRegions = (
				en,
				Base,
			);
			mainGroup = 78042497269D2E6300E771CE;
			productRefGroup = 780424A1269D2E6300E771CE /* Products */;
			projectDirPath = "";
			projectRoot = "";
			targets = (
				7804249F269D2E6300E771CE /* foodsta */,
				780424BA269D2E6400E771CE /* foodstaTests */,
				780424C5269D2E6400E771CE /* foodstaUITests */,
			);
		};
/* End PBXProject section */

/* Begin PBXResourcesBuildPhase section */
		7804249E269D2E6300E771CE /* Resources */ = {
			isa = PBXResourcesBuildPhase;
			buildActionMask = 2147483647;
			files = (
				780424B3269D2E6300E771CE /* LaunchScreen.storyboard in Resources */,
				780424B0269D2E6300E771CE /* Assets.xcassets in Resources */,
				780424AE269D2E6300E771CE /* Main.storyboard in Resources */,
			);
			runOnlyForDeploymentPostprocessing = 0;
		};
		780424B9269D2E6400E771CE /* Resources */ = {
			isa = PBXResourcesBuildPhase;
			buildActionMask = 2147483647;
			files = (
			);
			runOnlyForDeploymentPostprocessing = 0;
		};
		780424C4269D2E6400E771CE /* Resources */ = {
			isa = PBXResourcesBuildPhase;
			buildActionMask = 2147483647;
			files = (
			);
			runOnlyForDeploymentPostprocessing = 0;
		};
/* End PBXResourcesBuildPhase section */

/* Begin PBXShellScriptBuildPhase section */
		1002BEB2327CD60F446A1CC6 /* [CP] Check Pods Manifest.lock */ = {
			isa = PBXShellScriptBuildPhase;
			buildActionMask = 2147483647;
			files = (
			);
			inputFileListPaths = (
			);
			inputPaths = (
				"${PODS_PODFILE_DIR_PATH}/Podfile.lock",
				"${PODS_ROOT}/Manifest.lock",
			);
			name = "[CP] Check Pods Manifest.lock";
			outputFileListPaths = (
			);
			outputPaths = (
				"$(DERIVED_FILE_DIR)/Pods-foodsta-checkManifestLockResult.txt",
			);
			runOnlyForDeploymentPostprocessing = 0;
			shellPath = /bin/sh;
			shellScript = "diff \"${PODS_PODFILE_DIR_PATH}/Podfile.lock\" \"${PODS_ROOT}/Manifest.lock\" > /dev/null\nif [ $? != 0 ] ; then\n    # print error to STDERR\n    echo \"error: The sandbox is not in sync with the Podfile.lock. Run 'pod install' or update your CocoaPods installation.\" >&2\n    exit 1\nfi\n# This output is used by Xcode 'outputs' to avoid re-running this script phase.\necho \"SUCCESS\" > \"${SCRIPT_OUTPUT_FILE_0}\"\n";
			showEnvVarsInLog = 0;
		};
		1223FE287555B157DAC656F6 /* [CP] Embed Pods Frameworks */ = {
			isa = PBXShellScriptBuildPhase;
			buildActionMask = 2147483647;
			files = (
			);
			inputFileListPaths = (
				"${PODS_ROOT}/Target Support Files/Pods-foodsta/Pods-foodsta-frameworks-${CONFIGURATION}-input-files.xcfilelist",
			);
			name = "[CP] Embed Pods Frameworks";
			outputFileListPaths = (
				"${PODS_ROOT}/Target Support Files/Pods-foodsta/Pods-foodsta-frameworks-${CONFIGURATION}-output-files.xcfilelist",
			);
			runOnlyForDeploymentPostprocessing = 0;
			shellPath = /bin/sh;
			shellScript = "\"${PODS_ROOT}/Target Support Files/Pods-foodsta/Pods-foodsta-frameworks.sh\"\n";
			showEnvVarsInLog = 0;
		};
		1274C3E50D0A52AB511D249F /* [CP] Check Pods Manifest.lock */ = {
			isa = PBXShellScriptBuildPhase;
			buildActionMask = 2147483647;
			files = (
			);
			inputFileListPaths = (
			);
			inputPaths = (
				"${PODS_PODFILE_DIR_PATH}/Podfile.lock",
				"${PODS_ROOT}/Manifest.lock",
			);
			name = "[CP] Check Pods Manifest.lock";
			outputFileListPaths = (
			);
			outputPaths = (
				"$(DERIVED_FILE_DIR)/Pods-foodstaTests-checkManifestLockResult.txt",
			);
			runOnlyForDeploymentPostprocessing = 0;
			shellPath = /bin/sh;
			shellScript = "diff \"${PODS_PODFILE_DIR_PATH}/Podfile.lock\" \"${PODS_ROOT}/Manifest.lock\" > /dev/null\nif [ $? != 0 ] ; then\n    # print error to STDERR\n    echo \"error: The sandbox is not in sync with the Podfile.lock. Run 'pod install' or update your CocoaPods installation.\" >&2\n    exit 1\nfi\n# This output is used by Xcode 'outputs' to avoid re-running this script phase.\necho \"SUCCESS\" > \"${SCRIPT_OUTPUT_FILE_0}\"\n";
			showEnvVarsInLog = 0;
		};
		ADB11CFA07CCCC908528FC83 /* [CP] Check Pods Manifest.lock */ = {
			isa = PBXShellScriptBuildPhase;
			buildActionMask = 2147483647;
			files = (
			);
			inputFileListPaths = (
			);
			inputPaths = (
				"${PODS_PODFILE_DIR_PATH}/Podfile.lock",
				"${PODS_ROOT}/Manifest.lock",
			);
			name = "[CP] Check Pods Manifest.lock";
			outputFileListPaths = (
			);
			outputPaths = (
				"$(DERIVED_FILE_DIR)/Pods-foodsta-foodstaUITests-checkManifestLockResult.txt",
			);
			runOnlyForDeploymentPostprocessing = 0;
			shellPath = /bin/sh;
			shellScript = "diff \"${PODS_PODFILE_DIR_PATH}/Podfile.lock\" \"${PODS_ROOT}/Manifest.lock\" > /dev/null\nif [ $? != 0 ] ; then\n    # print error to STDERR\n    echo \"error: The sandbox is not in sync with the Podfile.lock. Run 'pod install' or update your CocoaPods installation.\" >&2\n    exit 1\nfi\n# This output is used by Xcode 'outputs' to avoid re-running this script phase.\necho \"SUCCESS\" > \"${SCRIPT_OUTPUT_FILE_0}\"\n";
			showEnvVarsInLog = 0;
		};
		F19A0EB6BCF0FA6AA30F5270 /* [CP] Embed Pods Frameworks */ = {
			isa = PBXShellScriptBuildPhase;
			buildActionMask = 2147483647;
			files = (
			);
			inputFileListPaths = (
				"${PODS_ROOT}/Target Support Files/Pods-foodsta-foodstaUITests/Pods-foodsta-foodstaUITests-frameworks-${CONFIGURATION}-input-files.xcfilelist",
			);
			name = "[CP] Embed Pods Frameworks";
			outputFileListPaths = (
				"${PODS_ROOT}/Target Support Files/Pods-foodsta-foodstaUITests/Pods-foodsta-foodstaUITests-frameworks-${CONFIGURATION}-output-files.xcfilelist",
			);
			runOnlyForDeploymentPostprocessing = 0;
			shellPath = /bin/sh;
			shellScript = "\"${PODS_ROOT}/Target Support Files/Pods-foodsta-foodstaUITests/Pods-foodsta-foodstaUITests-frameworks.sh\"\n";
			showEnvVarsInLog = 0;
		};
/* End PBXShellScriptBuildPhase section */

/* Begin PBXSourcesBuildPhase section */
		7804249C269D2E6300E771CE /* Sources */ = {
			isa = PBXSourcesBuildPhase;
			buildActionMask = 2147483647;
			files = (
				780424FC269E3A8C00E771CE /* PostCell.m in Sources */,
				78F59C4426AF805B00781EC7 /* ContainerMapViewController.m in Sources */,
				7804250F26A14EA900E771CE /* PostCellModel.m in Sources */,
				78F59C2C26A92FDB00781EC7 /* PostViewController.m in Sources */,
				78F59C3826ACA5A700781EC7 /* MapLocationCell.m in Sources */,
				78A8137F26A183B600695571 /* UsernameTimestampCell.m in Sources */,
				78F59C3226A93B0F00781EC7 /* LocationAnnotationView.m in Sources */,
				787AC56326A662560070E5A9 /* UserCell.m in Sources */,
				780424DA269D2E7500E771CE /* Location.m in Sources */,
				78A8138E26A1854700695571 /* RatingCell.m in Sources */,
				78042505269F9C9200E771CE /* EditProfileViewController.m in Sources */,
				78F59C3E26ACB22B00781EC7 /* MapLocationsViewController.m in Sources */,
				787AC56626A7CA100070E5A9 /* MapViewController.m in Sources */,
				78A8138226A1845D00695571 /* LocationNameCell.m in Sources */,
				787AC55D26A2480D0070E5A9 /* ProfileViewController.m in Sources */,
				780424E0269D315A00E771CE /* LocationCell.m in Sources */,
				7804250C26A0DBD800E771CE /* FeedDataSource.m in Sources */,
				780424EE269D51B100E771CE /* FeedViewController.m in Sources */,
				78F59C3526AA23E100781EC7 /* FollowViewController.m in Sources */,
				78A8138B26A1852100695571 /* CaptionCell.m in Sources */,
				780424FF269E5B0E00E771CE /* LocationDetailsViewController.m in Sources */,
				78A8138826A184EA00695571 /* LikeCell.m in Sources */,
				78F59C4126AF5F6400781EC7 /* ContainerTabController.m in Sources */,
				780424F9269D6BEC00E771CE /* ComposeViewController.m in Sources */,
				78F59C2126A8E34C00781EC7 /* SetLocationViewController.m in Sources */,
				780424A5269D2E6300E771CE /* AppDelegate.m in Sources */,
				78042502269F912C00E771CE /* SelfViewController.m in Sources */,
				78A8138526A184BB00695571 /* ImageCell.m in Sources */,
				780424F6269D65F300E771CE /* Post.m in Sources */,
				780424B6269D2E6300E771CE /* main.m in Sources */,
				78F59C2926A9045200781EC7 /* LocationAnnotation.m in Sources */,
				780424E9269D4F0600E771CE /* LoginViewController.m in Sources */,
				780424A8269D2E6300E771CE /* SceneDelegate.m in Sources */,
				787AC56026A661C80070E5A9 /* SearchViewController.m in Sources */,
				780424E3269D3DB000E771CE /* LocationsViewController.m in Sources */,
			);
			runOnlyForDeploymentPostprocessing = 0;
		};
		780424B7269D2E6400E771CE /* Sources */ = {
			isa = PBXSourcesBuildPhase;
			buildActionMask = 2147483647;
			files = (
				780424C0269D2E6400E771CE /* foodstaTests.m in Sources */,
			);
			runOnlyForDeploymentPostprocessing = 0;
		};
		780424C2269D2E6400E771CE /* Sources */ = {
			isa = PBXSourcesBuildPhase;
			buildActionMask = 2147483647;
			files = (
				780424CB269D2E6400E771CE /* foodstaUITests.m in Sources */,
			);
			runOnlyForDeploymentPostprocessing = 0;
		};
/* End PBXSourcesBuildPhase section */

/* Begin PBXTargetDependency section */
		780424BD269D2E6400E771CE /* PBXTargetDependency */ = {
			isa = PBXTargetDependency;
			target = 7804249F269D2E6300E771CE /* foodsta */;
			targetProxy = 780424BC269D2E6400E771CE /* PBXContainerItemProxy */;
		};
		780424C8269D2E6400E771CE /* PBXTargetDependency */ = {
			isa = PBXTargetDependency;
			target = 7804249F269D2E6300E771CE /* foodsta */;
			targetProxy = 780424C7269D2E6400E771CE /* PBXContainerItemProxy */;
		};
/* End PBXTargetDependency section */

/* Begin PBXVariantGroup section */
		780424AC269D2E6300E771CE /* Main.storyboard */ = {
			isa = PBXVariantGroup;
			children = (
				780424AD269D2E6300E771CE /* Base */,
			);
			name = Main.storyboard;
			sourceTree = "<group>";
		};
		780424B1269D2E6300E771CE /* LaunchScreen.storyboard */ = {
			isa = PBXVariantGroup;
			children = (
				780424B2269D2E6300E771CE /* Base */,
			);
			name = LaunchScreen.storyboard;
			sourceTree = "<group>";
		};
/* End PBXVariantGroup section */

/* Begin XCBuildConfiguration section */
		780424CD269D2E6400E771CE /* Debug */ = {
			isa = XCBuildConfiguration;
			buildSettings = {
				ALWAYS_SEARCH_USER_PATHS = NO;
				CLANG_ANALYZER_NONNULL = YES;
				CLANG_ANALYZER_NUMBER_OBJECT_CONVERSION = YES_AGGRESSIVE;
				CLANG_CXX_LANGUAGE_STANDARD = "gnu++14";
				CLANG_CXX_LIBRARY = "libc++";
				CLANG_ENABLE_MODULES = YES;
				CLANG_ENABLE_OBJC_ARC = YES;
				CLANG_ENABLE_OBJC_WEAK = YES;
				CLANG_WARN_BLOCK_CAPTURE_AUTORELEASING = YES;
				CLANG_WARN_BOOL_CONVERSION = YES;
				CLANG_WARN_COMMA = YES;
				CLANG_WARN_CONSTANT_CONVERSION = YES;
				CLANG_WARN_DEPRECATED_OBJC_IMPLEMENTATIONS = YES;
				CLANG_WARN_DIRECT_OBJC_ISA_USAGE = YES_ERROR;
				CLANG_WARN_DOCUMENTATION_COMMENTS = YES;
				CLANG_WARN_EMPTY_BODY = YES;
				CLANG_WARN_ENUM_CONVERSION = YES;
				CLANG_WARN_INFINITE_RECURSION = YES;
				CLANG_WARN_INT_CONVERSION = YES;
				CLANG_WARN_NON_LITERAL_NULL_CONVERSION = YES;
				CLANG_WARN_OBJC_IMPLICIT_RETAIN_SELF = YES;
				CLANG_WARN_OBJC_LITERAL_CONVERSION = YES;
				CLANG_WARN_OBJC_ROOT_CLASS = YES_ERROR;
				CLANG_WARN_QUOTED_INCLUDE_IN_FRAMEWORK_HEADER = YES;
				CLANG_WARN_RANGE_LOOP_ANALYSIS = YES;
				CLANG_WARN_STRICT_PROTOTYPES = YES;
				CLANG_WARN_SUSPICIOUS_MOVE = YES;
				CLANG_WARN_UNGUARDED_AVAILABILITY = YES_AGGRESSIVE;
				CLANG_WARN_UNREACHABLE_CODE = YES;
				CLANG_WARN__DUPLICATE_METHOD_MATCH = YES;
				COPY_PHASE_STRIP = NO;
				DEBUG_INFORMATION_FORMAT = dwarf;
				ENABLE_STRICT_OBJC_MSGSEND = YES;
				ENABLE_TESTABILITY = YES;
				GCC_C_LANGUAGE_STANDARD = gnu11;
				GCC_DYNAMIC_NO_PIC = NO;
				GCC_NO_COMMON_BLOCKS = YES;
				GCC_OPTIMIZATION_LEVEL = 0;
				GCC_PREPROCESSOR_DEFINITIONS = (
					"DEBUG=1",
					"$(inherited)",
				);
				GCC_WARN_64_TO_32_BIT_CONVERSION = YES;
				GCC_WARN_ABOUT_RETURN_TYPE = YES_ERROR;
				GCC_WARN_UNDECLARED_SELECTOR = YES;
				GCC_WARN_UNINITIALIZED_AUTOS = YES_AGGRESSIVE;
				GCC_WARN_UNUSED_FUNCTION = YES;
				GCC_WARN_UNUSED_VARIABLE = YES;
				IPHONEOS_DEPLOYMENT_TARGET = 14.5;
				MTL_ENABLE_DEBUG_INFO = INCLUDE_SOURCE;
				MTL_FAST_MATH = YES;
				ONLY_ACTIVE_ARCH = YES;
				SDKROOT = iphoneos;
			};
			name = Debug;
		};
		780424CE269D2E6400E771CE /* Release */ = {
			isa = XCBuildConfiguration;
			buildSettings = {
				ALWAYS_SEARCH_USER_PATHS = NO;
				CLANG_ANALYZER_NONNULL = YES;
				CLANG_ANALYZER_NUMBER_OBJECT_CONVERSION = YES_AGGRESSIVE;
				CLANG_CXX_LANGUAGE_STANDARD = "gnu++14";
				CLANG_CXX_LIBRARY = "libc++";
				CLANG_ENABLE_MODULES = YES;
				CLANG_ENABLE_OBJC_ARC = YES;
				CLANG_ENABLE_OBJC_WEAK = YES;
				CLANG_WARN_BLOCK_CAPTURE_AUTORELEASING = YES;
				CLANG_WARN_BOOL_CONVERSION = YES;
				CLANG_WARN_COMMA = YES;
				CLANG_WARN_CONSTANT_CONVERSION = YES;
				CLANG_WARN_DEPRECATED_OBJC_IMPLEMENTATIONS = YES;
				CLANG_WARN_DIRECT_OBJC_ISA_USAGE = YES_ERROR;
				CLANG_WARN_DOCUMENTATION_COMMENTS = YES;
				CLANG_WARN_EMPTY_BODY = YES;
				CLANG_WARN_ENUM_CONVERSION = YES;
				CLANG_WARN_INFINITE_RECURSION = YES;
				CLANG_WARN_INT_CONVERSION = YES;
				CLANG_WARN_NON_LITERAL_NULL_CONVERSION = YES;
				CLANG_WARN_OBJC_IMPLICIT_RETAIN_SELF = YES;
				CLANG_WARN_OBJC_LITERAL_CONVERSION = YES;
				CLANG_WARN_OBJC_ROOT_CLASS = YES_ERROR;
				CLANG_WARN_QUOTED_INCLUDE_IN_FRAMEWORK_HEADER = YES;
				CLANG_WARN_RANGE_LOOP_ANALYSIS = YES;
				CLANG_WARN_STRICT_PROTOTYPES = YES;
				CLANG_WARN_SUSPICIOUS_MOVE = YES;
				CLANG_WARN_UNGUARDED_AVAILABILITY = YES_AGGRESSIVE;
				CLANG_WARN_UNREACHABLE_CODE = YES;
				CLANG_WARN__DUPLICATE_METHOD_MATCH = YES;
				COPY_PHASE_STRIP = NO;
				DEBUG_INFORMATION_FORMAT = "dwarf-with-dsym";
				ENABLE_NS_ASSERTIONS = NO;
				ENABLE_STRICT_OBJC_MSGSEND = YES;
				GCC_C_LANGUAGE_STANDARD = gnu11;
				GCC_NO_COMMON_BLOCKS = YES;
				GCC_WARN_64_TO_32_BIT_CONVERSION = YES;
				GCC_WARN_ABOUT_RETURN_TYPE = YES_ERROR;
				GCC_WARN_UNDECLARED_SELECTOR = YES;
				GCC_WARN_UNINITIALIZED_AUTOS = YES_AGGRESSIVE;
				GCC_WARN_UNUSED_FUNCTION = YES;
				GCC_WARN_UNUSED_VARIABLE = YES;
				IPHONEOS_DEPLOYMENT_TARGET = 14.5;
				MTL_ENABLE_DEBUG_INFO = NO;
				MTL_FAST_MATH = YES;
				SDKROOT = iphoneos;
				VALIDATE_PRODUCT = YES;
			};
			name = Release;
		};
		780424D0269D2E6400E771CE /* Debug */ = {
			isa = XCBuildConfiguration;
			baseConfigurationReference = E0CE98474C40E5CED7CD0207 /* Pods-foodsta.debug.xcconfig */;
			buildSettings = {
				ASSETCATALOG_COMPILER_APPICON_NAME = AppIcon;
				ASSETCATALOG_COMPILER_GLOBAL_ACCENT_COLOR_NAME = AccentColor;
				CODE_SIGN_STYLE = Automatic;
				DEVELOPMENT_TEAM = 54U4XNMMRU;
				INFOPLIST_FILE = foodsta/Info.plist;
				LD_RUNPATH_SEARCH_PATHS = (
					"$(inherited)",
					"@executable_path/Frameworks",
				);
				PRODUCT_BUNDLE_IDENTIFIER = com.constanceh.foodsta;
				PRODUCT_NAME = "$(TARGET_NAME)";
				TARGETED_DEVICE_FAMILY = "1,2";
			};
			name = Debug;
		};
		780424D1269D2E6400E771CE /* Release */ = {
			isa = XCBuildConfiguration;
			baseConfigurationReference = DDA34CDF962E3DCE4D4CD92D /* Pods-foodsta.release.xcconfig */;
			buildSettings = {
				ASSETCATALOG_COMPILER_APPICON_NAME = AppIcon;
				ASSETCATALOG_COMPILER_GLOBAL_ACCENT_COLOR_NAME = AccentColor;
				CODE_SIGN_STYLE = Automatic;
				DEVELOPMENT_TEAM = 54U4XNMMRU;
				INFOPLIST_FILE = foodsta/Info.plist;
				LD_RUNPATH_SEARCH_PATHS = (
					"$(inherited)",
					"@executable_path/Frameworks",
				);
				PRODUCT_BUNDLE_IDENTIFIER = com.constanceh.foodsta;
				PRODUCT_NAME = "$(TARGET_NAME)";
				TARGETED_DEVICE_FAMILY = "1,2";
			};
			name = Release;
		};
		780424D3269D2E6400E771CE /* Debug */ = {
			isa = XCBuildConfiguration;
			baseConfigurationReference = 0EE42AAB70FA68D19B238C6A /* Pods-foodstaTests.debug.xcconfig */;
			buildSettings = {
				BUNDLE_LOADER = "$(TEST_HOST)";
				CODE_SIGN_STYLE = Automatic;
				DEVELOPMENT_TEAM = 54U4XNMMRU;
				INFOPLIST_FILE = foodstaTests/Info.plist;
				IPHONEOS_DEPLOYMENT_TARGET = 14.5;
				LD_RUNPATH_SEARCH_PATHS = (
					"$(inherited)",
					"@executable_path/Frameworks",
					"@loader_path/Frameworks",
				);
				PRODUCT_BUNDLE_IDENTIFIER = com.constanceh.foodstaTests;
				PRODUCT_NAME = "$(TARGET_NAME)";
				TARGETED_DEVICE_FAMILY = "1,2";
				TEST_HOST = "$(BUILT_PRODUCTS_DIR)/foodsta.app/foodsta";
			};
			name = Debug;
		};
		780424D4269D2E6400E771CE /* Release */ = {
			isa = XCBuildConfiguration;
			baseConfigurationReference = BDED1C488468ADD58D63CDDE /* Pods-foodstaTests.release.xcconfig */;
			buildSettings = {
				BUNDLE_LOADER = "$(TEST_HOST)";
				CODE_SIGN_STYLE = Automatic;
				DEVELOPMENT_TEAM = 54U4XNMMRU;
				INFOPLIST_FILE = foodstaTests/Info.plist;
				IPHONEOS_DEPLOYMENT_TARGET = 14.5;
				LD_RUNPATH_SEARCH_PATHS = (
					"$(inherited)",
					"@executable_path/Frameworks",
					"@loader_path/Frameworks",
				);
				PRODUCT_BUNDLE_IDENTIFIER = com.constanceh.foodstaTests;
				PRODUCT_NAME = "$(TARGET_NAME)";
				TARGETED_DEVICE_FAMILY = "1,2";
				TEST_HOST = "$(BUILT_PRODUCTS_DIR)/foodsta.app/foodsta";
			};
			name = Release;
		};
		780424D6269D2E6400E771CE /* Debug */ = {
			isa = XCBuildConfiguration;
			baseConfigurationReference = 1CAEF50362EDE1FCC2A228BC /* Pods-foodsta-foodstaUITests.debug.xcconfig */;
			buildSettings = {
				CODE_SIGN_STYLE = Automatic;
				DEVELOPMENT_TEAM = 54U4XNMMRU;
				INFOPLIST_FILE = foodstaUITests/Info.plist;
				LD_RUNPATH_SEARCH_PATHS = (
					"$(inherited)",
					"@executable_path/Frameworks",
					"@loader_path/Frameworks",
				);
				PRODUCT_BUNDLE_IDENTIFIER = com.constanceh.foodstaUITests;
				PRODUCT_NAME = "$(TARGET_NAME)";
				TARGETED_DEVICE_FAMILY = "1,2";
				TEST_TARGET_NAME = foodsta;
			};
			name = Debug;
		};
		780424D7269D2E6400E771CE /* Release */ = {
			isa = XCBuildConfiguration;
			baseConfigurationReference = 2CE06FB9F1BF0B39A537CD3B /* Pods-foodsta-foodstaUITests.release.xcconfig */;
			buildSettings = {
				CODE_SIGN_STYLE = Automatic;
				DEVELOPMENT_TEAM = 54U4XNMMRU;
				INFOPLIST_FILE = foodstaUITests/Info.plist;
				LD_RUNPATH_SEARCH_PATHS = (
					"$(inherited)",
					"@executable_path/Frameworks",
					"@loader_path/Frameworks",
				);
				PRODUCT_BUNDLE_IDENTIFIER = com.constanceh.foodstaUITests;
				PRODUCT_NAME = "$(TARGET_NAME)";
				TARGETED_DEVICE_FAMILY = "1,2";
				TEST_TARGET_NAME = foodsta;
			};
			name = Release;
		};
/* End XCBuildConfiguration section */

/* Begin XCConfigurationList section */
		7804249B269D2E6300E771CE /* Build configuration list for PBXProject "foodsta" */ = {
			isa = XCConfigurationList;
			buildConfigurations = (
				780424CD269D2E6400E771CE /* Debug */,
				780424CE269D2E6400E771CE /* Release */,
			);
			defaultConfigurationIsVisible = 0;
			defaultConfigurationName = Release;
		};
		780424CF269D2E6400E771CE /* Build configuration list for PBXNativeTarget "foodsta" */ = {
			isa = XCConfigurationList;
			buildConfigurations = (
				780424D0269D2E6400E771CE /* Debug */,
				780424D1269D2E6400E771CE /* Release */,
			);
			defaultConfigurationIsVisible = 0;
			defaultConfigurationName = Release;
		};
		780424D2269D2E6400E771CE /* Build configuration list for PBXNativeTarget "foodstaTests" */ = {
			isa = XCConfigurationList;
			buildConfigurations = (
				780424D3269D2E6400E771CE /* Debug */,
				780424D4269D2E6400E771CE /* Release */,
			);
			defaultConfigurationIsVisible = 0;
			defaultConfigurationName = Release;
		};
		780424D5269D2E6400E771CE /* Build configuration list for PBXNativeTarget "foodstaUITests" */ = {
			isa = XCConfigurationList;
			buildConfigurations = (
				780424D6269D2E6400E771CE /* Debug */,
				780424D7269D2E6400E771CE /* Release */,
			);
			defaultConfigurationIsVisible = 0;
			defaultConfigurationName = Release;
		};
/* End XCConfigurationList section */
	};
	rootObject = 78042498269D2E6300E771CE /* Project object */;
}
